// !$*UTF8*$!
{
	archiveVersion = 1;
	classes = {
	};
	objectVersion = 56;
	objects = {

/* Begin PBXBuildFile section */
		9511E6C32A1E273D0064FEF9 /* ToDoListApp.swift in Sources */ = {isa = PBXBuildFile; fileRef = 9511E6C22A1E273D0064FEF9 /* ToDoListApp.swift */; };
		9511E6C52A1E273D0064FEF9 /* MainView.swift in Sources */ = {isa = PBXBuildFile; fileRef = 9511E6C42A1E273D0064FEF9 /* MainView.swift */; };
		9511E6C72A1E27400064FEF9 /* Assets.xcassets in Resources */ = {isa = PBXBuildFile; fileRef = 9511E6C62A1E27400064FEF9 /* Assets.xcassets */; };
		9511E6CA2A1E27400064FEF9 /* Preview Assets.xcassets in Resources */ = {isa = PBXBuildFile; fileRef = 9511E6C92A1E27400064FEF9 /* Preview Assets.xcassets */; };
		9511E6D22A1E2A3E0064FEF9 /* FirebaseAuth in Frameworks */ = {isa = PBXBuildFile; productRef = 9511E6D12A1E2A3E0064FEF9 /* FirebaseAuth */; };
		9511E6D42A1E2A3E0064FEF9 /* FirebaseFirestore in Frameworks */ = {isa = PBXBuildFile; productRef = 9511E6D32A1E2A3E0064FEF9 /* FirebaseFirestore */; };
		9511E6D62A1E2A3E0064FEF9 /* FirebaseFirestoreSwift in Frameworks */ = {isa = PBXBuildFile; productRef = 9511E6D52A1E2A3E0064FEF9 /* FirebaseFirestoreSwift */; };
		9511E6D82A1E2B970064FEF9 /* GoogleService-Info.plist in Resources */ = {isa = PBXBuildFile; fileRef = 9511E6D72A1E2B970064FEF9 /* GoogleService-Info.plist */; };
		956AED372A1E30340054260E /* ProfileView.swift in Sources */ = {isa = PBXBuildFile; fileRef = 956AED362A1E30340054260E /* ProfileView.swift */; };
		956AED392A1E30500054260E /* ToDoListView.swift in Sources */ = {isa = PBXBuildFile; fileRef = 956AED382A1E30500054260E /* ToDoListView.swift */; };
		956AED3B2A1E305E0054260E /* NewItemView.swift in Sources */ = {isa = PBXBuildFile; fileRef = 956AED3A2A1E305E0054260E /* NewItemView.swift */; };
		956AED3D2A1E30690054260E /* LoginView.swift in Sources */ = {isa = PBXBuildFile; fileRef = 956AED3C2A1E30690054260E /* LoginView.swift */; };
		956AED3F2A1E30710054260E /* RegisterView.swift in Sources */ = {isa = PBXBuildFile; fileRef = 956AED3E2A1E30710054260E /* RegisterView.swift */; };
		956AED412A1E310F0054260E /* ToDoListItemView.swift in Sources */ = {isa = PBXBuildFile; fileRef = 956AED402A1E310F0054260E /* ToDoListItemView.swift */; };
		956AED432A1E31570054260E /* User.swift in Sources */ = {isa = PBXBuildFile; fileRef = 956AED422A1E31570054260E /* User.swift */; };
		956AED452A1E316A0054260E /* ToDoListItem.swift in Sources */ = {isa = PBXBuildFile; fileRef = 956AED442A1E316A0054260E /* ToDoListItem.swift */; };
		956AED472A1E31820054260E /* MainViewViewModel.swift in Sources */ = {isa = PBXBuildFile; fileRef = 956AED462A1E31820054260E /* MainViewViewModel.swift */; };
		956AED492A1E31920054260E /* ProfileViewViewModel.swift in Sources */ = {isa = PBXBuildFile; fileRef = 956AED482A1E31920054260E /* ProfileViewViewModel.swift */; };
		956AED4B2A1E31BB0054260E /* ToDoListViewViewModel.swift in Sources */ = {isa = PBXBuildFile; fileRef = 956AED4A2A1E31BB0054260E /* ToDoListViewViewModel.swift */; };
		956AED4D2A1E31CD0054260E /* NewItemViewViewModel.swift in Sources */ = {isa = PBXBuildFile; fileRef = 956AED4C2A1E31CD0054260E /* NewItemViewViewModel.swift */; };
		956AED4F2A1E31DF0054260E /* LoginViewViewModel.swift in Sources */ = {isa = PBXBuildFile; fileRef = 956AED4E2A1E31DF0054260E /* LoginViewViewModel.swift */; };
		956AED512A1E31EF0054260E /* RegisterViewViewModel.swift in Sources */ = {isa = PBXBuildFile; fileRef = 956AED502A1E31EF0054260E /* RegisterViewViewModel.swift */; };
		956AED532A1E31FF0054260E /* ToDoListItemViewViewModel.swift in Sources */ = {isa = PBXBuildFile; fileRef = 956AED522A1E31FF0054260E /* ToDoListItemViewViewModel.swift */; };
		956AED552A1E4BFD0054260E /* HeaderView.swift in Sources */ = {isa = PBXBuildFile; fileRef = 956AED542A1E4BFD0054260E /* HeaderView.swift */; };
		956AED572A1E57960054260E /* TLButton.swift in Sources */ = {isa = PBXBuildFile; fileRef = 956AED562A1E57960054260E /* TLButton.swift */; };
		956AED592A1E60EA0054260E /* Extensions.swift in Sources */ = {isa = PBXBuildFile; fileRef = 956AED582A1E60EA0054260E /* Extensions.swift */; };
/* End PBXBuildFile section */

/* Begin PBXFileReference section */
		9511E6BF2A1E273D0064FEF9 /* ToDoList.app */ = {isa = PBXFileReference; explicitFileType = wrapper.application; includeInIndex = 0; path = ToDoList.app; sourceTree = BUILT_PRODUCTS_DIR; };
		9511E6C22A1E273D0064FEF9 /* ToDoListApp.swift */ = {isa = PBXFileReference; lastKnownFileType = sourcecode.swift; path = ToDoListApp.swift; sourceTree = "<group>"; };
		9511E6C42A1E273D0064FEF9 /* MainView.swift */ = {isa = PBXFileReference; lastKnownFileType = sourcecode.swift; path = MainView.swift; sourceTree = "<group>"; };
		9511E6C62A1E27400064FEF9 /* Assets.xcassets */ = {isa = PBXFileReference; lastKnownFileType = folder.assetcatalog; path = Assets.xcassets; sourceTree = "<group>"; };
		9511E6C92A1E27400064FEF9 /* Preview Assets.xcassets */ = {isa = PBXFileReference; lastKnownFileType = folder.assetcatalog; path = "Preview Assets.xcassets"; sourceTree = "<group>"; };
		9511E6D72A1E2B970064FEF9 /* GoogleService-Info.plist */ = {isa = PBXFileReference; fileEncoding = 4; lastKnownFileType = text.plist.xml; path = "GoogleService-Info.plist"; sourceTree = "<group>"; };
		956AED362A1E30340054260E /* ProfileView.swift */ = {isa = PBXFileReference; lastKnownFileType = sourcecode.swift; path = ProfileView.swift; sourceTree = "<group>"; };
		956AED382A1E30500054260E /* ToDoListView.swift */ = {isa = PBXFileReference; lastKnownFileType = sourcecode.swift; path = ToDoListView.swift; sourceTree = "<group>"; };
		956AED3A2A1E305E0054260E /* NewItemView.swift */ = {isa = PBXFileReference; lastKnownFileType = sourcecode.swift; path = NewItemView.swift; sourceTree = "<group>"; };
		956AED3C2A1E30690054260E /* LoginView.swift */ = {isa = PBXFileReference; lastKnownFileType = sourcecode.swift; path = LoginView.swift; sourceTree = "<group>"; };
		956AED3E2A1E30710054260E /* RegisterView.swift */ = {isa = PBXFileReference; lastKnownFileType = sourcecode.swift; path = RegisterView.swift; sourceTree = "<group>"; };
		956AED402A1E310F0054260E /* ToDoListItemView.swift */ = {isa = PBXFileReference; lastKnownFileType = sourcecode.swift; path = ToDoListItemView.swift; sourceTree = "<group>"; };
		956AED422A1E31570054260E /* User.swift */ = {isa = PBXFileReference; lastKnownFileType = sourcecode.swift; path = User.swift; sourceTree = "<group>"; };
		956AED442A1E316A0054260E /* ToDoListItem.swift */ = {isa = PBXFileReference; lastKnownFileType = sourcecode.swift; path = ToDoListItem.swift; sourceTree = "<group>"; };
		956AED462A1E31820054260E /* MainViewViewModel.swift */ = {isa = PBXFileReference; lastKnownFileType = sourcecode.swift; path = MainViewViewModel.swift; sourceTree = "<group>"; };
		956AED482A1E31920054260E /* ProfileViewViewModel.swift */ = {isa = PBXFileReference; lastKnownFileType = sourcecode.swift; path = ProfileViewViewModel.swift; sourceTree = "<group>"; };
		956AED4A2A1E31BB0054260E /* ToDoListViewViewModel.swift */ = {isa = PBXFileReference; lastKnownFileType = sourcecode.swift; path = ToDoListViewViewModel.swift; sourceTree = "<group>"; };
		956AED4C2A1E31CD0054260E /* NewItemViewViewModel.swift */ = {isa = PBXFileReference; lastKnownFileType = sourcecode.swift; path = NewItemViewViewModel.swift; sourceTree = "<group>"; };
		956AED4E2A1E31DF0054260E /* LoginViewViewModel.swift */ = {isa = PBXFileReference; lastKnownFileType = sourcecode.swift; path = LoginViewViewModel.swift; sourceTree = "<group>"; };
		956AED502A1E31EF0054260E /* RegisterViewViewModel.swift */ = {isa = PBXFileReference; lastKnownFileType = sourcecode.swift; path = RegisterViewViewModel.swift; sourceTree = "<group>"; };
		956AED522A1E31FF0054260E /* ToDoListItemViewViewModel.swift */ = {isa = PBXFileReference; lastKnownFileType = sourcecode.swift; path = ToDoListItemViewViewModel.swift; sourceTree = "<group>"; };
		956AED542A1E4BFD0054260E /* HeaderView.swift */ = {isa = PBXFileReference; lastKnownFileType = sourcecode.swift; path = HeaderView.swift; sourceTree = "<group>"; };
		956AED562A1E57960054260E /* TLButton.swift */ = {isa = PBXFileReference; lastKnownFileType = sourcecode.swift; path = TLButton.swift; sourceTree = "<group>"; };
		956AED582A1E60EA0054260E /* Extensions.swift */ = {isa = PBXFileReference; lastKnownFileType = sourcecode.swift; path = Extensions.swift; sourceTree = "<group>"; };
/* End PBXFileReference section */

/* Begin PBXFrameworksBuildPhase section */
		9511E6BC2A1E273D0064FEF9 /* Frameworks */ = {
			isa = PBXFrameworksBuildPhase;
			buildActionMask = 2147483647;
			files = (
				9511E6D22A1E2A3E0064FEF9 /* FirebaseAuth in Frameworks */,
				9511E6D42A1E2A3E0064FEF9 /* FirebaseFirestore in Frameworks */,
				9511E6D62A1E2A3E0064FEF9 /* FirebaseFirestoreSwift in Frameworks */,
			);
			runOnlyForDeploymentPostprocessing = 0;
		};
/* End PBXFrameworksBuildPhase section */

/* Begin PBXGroup section */
		9511E6B62A1E273D0064FEF9 = {
			isa = PBXGroup;
			children = (
				9511E6C12A1E273D0064FEF9 /* ToDoList */,
				9511E6C02A1E273D0064FEF9 /* Products */,
			);
			sourceTree = "<group>";
		};
		9511E6C02A1E273D0064FEF9 /* Products */ = {
			isa = PBXGroup;
			children = (
				9511E6BF2A1E273D0064FEF9 /* ToDoList.app */,
			);
			name = Products;
			sourceTree = "<group>";
		};
		9511E6C12A1E273D0064FEF9 /* ToDoList */ = {
			isa = PBXGroup;
			children = (
				9511E6DC2A1E2CF70064FEF9 /* Other */,
				9511E6DB2A1E2CE60064FEF9 /* Models */,
				9511E6DA2A1E2CCA0064FEF9 /* ViewModels */,
				9511E6D92A1E2CB60064FEF9 /* Views */,
				9511E6C82A1E27400064FEF9 /* Preview Content */,
			);
			path = ToDoList;
			sourceTree = "<group>";
		};
		9511E6C82A1E27400064FEF9 /* Preview Content */ = {
			isa = PBXGroup;
			children = (
				9511E6C92A1E27400064FEF9 /* Preview Assets.xcassets */,
			);
			path = "Preview Content";
			sourceTree = "<group>";
		};
		9511E6D92A1E2CB60064FEF9 /* Views */ = {
			isa = PBXGroup;
			children = (
				9511E6C42A1E273D0064FEF9 /* MainView.swift */,
				956AED362A1E30340054260E /* ProfileView.swift */,
				956AED382A1E30500054260E /* ToDoListView.swift */,
				956AED3A2A1E305E0054260E /* NewItemView.swift */,
				956AED3C2A1E30690054260E /* LoginView.swift */,
				956AED3E2A1E30710054260E /* RegisterView.swift */,
				956AED402A1E310F0054260E /* ToDoListItemView.swift */,
				956AED542A1E4BFD0054260E /* HeaderView.swift */,
				956AED562A1E57960054260E /* TLButton.swift */,
			);
			path = Views;
			sourceTree = "<group>";
		};
		9511E6DA2A1E2CCA0064FEF9 /* ViewModels */ = {
			isa = PBXGroup;
			children = (
				956AED462A1E31820054260E /* MainViewViewModel.swift */,
				956AED482A1E31920054260E /* ProfileViewViewModel.swift */,
				956AED4C2A1E31CD0054260E /* NewItemViewViewModel.swift */,
				956AED4E2A1E31DF0054260E /* LoginViewViewModel.swift */,
				956AED502A1E31EF0054260E /* RegisterViewViewModel.swift */,
				956AED4A2A1E31BB0054260E /* ToDoListViewViewModel.swift */,
				956AED522A1E31FF0054260E /* ToDoListItemViewViewModel.swift */,
			);
			path = ViewModels;
			sourceTree = "<group>";
		};
		9511E6DB2A1E2CE60064FEF9 /* Models */ = {
			isa = PBXGroup;
			children = (
				956AED422A1E31570054260E /* User.swift */,
				956AED442A1E316A0054260E /* ToDoListItem.swift */,
			);
			path = Models;
			sourceTree = "<group>";
		};
		9511E6DC2A1E2CF70064FEF9 /* Other */ = {
			isa = PBXGroup;
			children = (
				9511E6C62A1E27400064FEF9 /* Assets.xcassets */,
				9511E6D72A1E2B970064FEF9 /* GoogleService-Info.plist */,
				9511E6C22A1E273D0064FEF9 /* ToDoListApp.swift */,
				956AED582A1E60EA0054260E /* Extensions.swift */,
			);
			path = Other;
			sourceTree = "<group>";
		};
/* End PBXGroup section */

/* Begin PBXNativeTarget section */
		9511E6BE2A1E273D0064FEF9 /* ToDoList */ = {
			isa = PBXNativeTarget;
			buildConfigurationList = 9511E6CD2A1E27400064FEF9 /* Build configuration list for PBXNativeTarget "ToDoList" */;
			buildPhases = (
				9511E6BB2A1E273D0064FEF9 /* Sources */,
				9511E6BC2A1E273D0064FEF9 /* Frameworks */,
				9511E6BD2A1E273D0064FEF9 /* Resources */,
			);
			buildRules = (
			);
			dependencies = (
			);
			name = ToDoList;
			packageProductDependencies = (
				9511E6D12A1E2A3E0064FEF9 /* FirebaseAuth */,
				9511E6D32A1E2A3E0064FEF9 /* FirebaseFirestore */,
				9511E6D52A1E2A3E0064FEF9 /* FirebaseFirestoreSwift */,
			);
			productName = ToDoList;
			productReference = 9511E6BF2A1E273D0064FEF9 /* ToDoList.app */;
			productType = "com.apple.product-type.application";
		};
/* End PBXNativeTarget section */

/* Begin PBXProject section */
		9511E6B72A1E273D0064FEF9 /* Project object */ = {
			isa = PBXProject;
			attributes = {
				BuildIndependentTargetsInParallel = 1;
				LastSwiftUpdateCheck = 1430;
				LastUpgradeCheck = 1430;
				TargetAttributes = {
					9511E6BE2A1E273D0064FEF9 = {
						CreatedOnToolsVersion = 14.3;
					};
				};
			};
			buildConfigurationList = 9511E6BA2A1E273D0064FEF9 /* Build configuration list for PBXProject "ToDoList" */;
			compatibilityVersion = "Xcode 14.0";
			developmentRegion = en;
			hasScannedForEncodings = 0;
			knownRegions = (
				en,
				Base,
			);
			mainGroup = 9511E6B62A1E273D0064FEF9;
			packageReferences = (
				9511E6D02A1E2A3E0064FEF9 /* XCRemoteSwiftPackageReference "firebase-ios-sdk" */,
			);
			productRefGroup = 9511E6C02A1E273D0064FEF9 /* Products */;
			projectDirPath = "";
			projectRoot = "";
			targets = (
				9511E6BE2A1E273D0064FEF9 /* ToDoList */,
			);
		};
/* End PBXProject section */

/* Begin PBXResourcesBuildPhase section */
		9511E6BD2A1E273D0064FEF9 /* Resources */ = {
			isa = PBXResourcesBuildPhase;
			buildActionMask = 2147483647;
			files = (
				9511E6CA2A1E27400064FEF9 /* Preview Assets.xcassets in Resources */,
				9511E6C72A1E27400064FEF9 /* Assets.xcassets in Resources */,
				9511E6D82A1E2B970064FEF9 /* GoogleService-Info.plist in Resources */,
			);
			runOnlyForDeploymentPostprocessing = 0;
		};
/* End PBXResourcesBuildPhase section */

/* Begin PBXSourcesBuildPhase section */
		9511E6BB2A1E273D0064FEF9 /* Sources */ = {
			isa = PBXSourcesBuildPhase;
			buildActionMask = 2147483647;
			files = (
				956AED3D2A1E30690054260E /* LoginView.swift in Sources */,
				956AED552A1E4BFD0054260E /* HeaderView.swift in Sources */,
				956AED412A1E310F0054260E /* ToDoListItemView.swift in Sources */,
				956AED512A1E31EF0054260E /* RegisterViewViewModel.swift in Sources */,
				956AED472A1E31820054260E /* MainViewViewModel.swift in Sources */,
				9511E6C52A1E273D0064FEF9 /* MainView.swift in Sources */,
				956AED532A1E31FF0054260E /* ToDoListItemViewViewModel.swift in Sources */,
				956AED572A1E57960054260E /* TLButton.swift in Sources */,
				956AED392A1E30500054260E /* ToDoListView.swift in Sources */,
				956AED492A1E31920054260E /* ProfileViewViewModel.swift in Sources */,
				956AED3F2A1E30710054260E /* RegisterView.swift in Sources */,
				956AED432A1E31570054260E /* User.swift in Sources */,
				956AED372A1E30340054260E /* ProfileView.swift in Sources */,
				956AED4B2A1E31BB0054260E /* ToDoListViewViewModel.swift in Sources */,
				956AED4F2A1E31DF0054260E /* LoginViewViewModel.swift in Sources */,
				956AED592A1E60EA0054260E /* Extensions.swift in Sources */,
				9511E6C32A1E273D0064FEF9 /* ToDoListApp.swift in Sources */,
				956AED452A1E316A0054260E /* ToDoListItem.swift in Sources */,
				956AED3B2A1E305E0054260E /* NewItemView.swift in Sources */,
				956AED4D2A1E31CD0054260E /* NewItemViewViewModel.swift in Sources */,
			);
			runOnlyForDeploymentPostprocessing = 0;
		};
/* End PBXSourcesBuildPhase section */

/* Begin XCBuildConfiguration section */
		9511E6CB2A1E27400064FEF9 /* Debug */ = {
			isa = XCBuildConfiguration;
			buildSettings = {
				ALWAYS_SEARCH_USER_PATHS = NO;
				CLANG_ANALYZER_NONNULL = YES;
				CLANG_ANALYZER_NUMBER_OBJECT_CONVERSION = YES_AGGRESSIVE;
				CLANG_CXX_LANGUAGE_STANDARD = "gnu++20";
				CLANG_ENABLE_MODULES = YES;
				CLANG_ENABLE_OBJC_ARC = YES;
				CLANG_ENABLE_OBJC_WEAK = YES;
				CLANG_WARN_BLOCK_CAPTURE_AUTORELEASING = YES;
				CLANG_WARN_BOOL_CONVERSION = YES;
				CLANG_WARN_COMMA = YES;
				CLANG_WARN_CONSTANT_CONVERSION = YES;
				CLANG_WARN_DEPRECATED_OBJC_IMPLEMENTATIONS = YES;
				CLANG_WARN_DIRECT_OBJC_ISA_USAGE = YES_ERROR;
				CLANG_WARN_DOCUMENTATION_COMMENTS = YES;
				CLANG_WARN_EMPTY_BODY = YES;
				CLANG_WARN_ENUM_CONVERSION = YES;
				CLANG_WARN_INFINITE_RECURSION = YES;
				CLANG_WARN_INT_CONVERSION = YES;
				CLANG_WARN_NON_LITERAL_NULL_CONVERSION = YES;
				CLANG_WARN_OBJC_IMPLICIT_RETAIN_SELF = YES;
				CLANG_WARN_OBJC_LITERAL_CONVERSION = YES;
				CLANG_WARN_OBJC_ROOT_CLASS = YES_ERROR;
				CLANG_WARN_QUOTED_INCLUDE_IN_FRAMEWORK_HEADER = YES;
				CLANG_WARN_RANGE_LOOP_ANALYSIS = YES;
				CLANG_WARN_STRICT_PROTOTYPES = YES;
				CLANG_WARN_SUSPICIOUS_MOVE = YES;
				CLANG_WARN_UNGUARDED_AVAILABILITY = YES_AGGRESSIVE;
				CLANG_WARN_UNREACHABLE_CODE = YES;
				CLANG_WARN__DUPLICATE_METHOD_MATCH = YES;
				COPY_PHASE_STRIP = NO;
				DEBUG_INFORMATION_FORMAT = dwarf;
				ENABLE_STRICT_OBJC_MSGSEND = YES;
				ENABLE_TESTABILITY = YES;
				GCC_C_LANGUAGE_STANDARD = gnu11;
				GCC_DYNAMIC_NO_PIC = NO;
				GCC_NO_COMMON_BLOCKS = YES;
				GCC_OPTIMIZATION_LEVEL = 0;
				GCC_PREPROCESSOR_DEFINITIONS = (
					"DEBUG=1",
					"$(inherited)",
				);
				GCC_WARN_64_TO_32_BIT_CONVERSION = YES;
				GCC_WARN_ABOUT_RETURN_TYPE = YES_ERROR;
				GCC_WARN_UNDECLARED_SELECTOR = YES;
				GCC_WARN_UNINITIALIZED_AUTOS = YES_AGGRESSIVE;
				GCC_WARN_UNUSED_FUNCTION = YES;
				GCC_WARN_UNUSED_VARIABLE = YES;
				IPHONEOS_DEPLOYMENT_TARGET = 16.4;
				MTL_ENABLE_DEBUG_INFO = INCLUDE_SOURCE;
				MTL_FAST_MATH = YES;
				ONLY_ACTIVE_ARCH = YES;
				SDKROOT = iphoneos;
				SWIFT_ACTIVE_COMPILATION_CONDITIONS = DEBUG;
				SWIFT_OPTIMIZATION_LEVEL = "-Onone";
			};
			name = Debug;
		};
		9511E6CC2A1E27400064FEF9 /* Release */ = {
			isa = XCBuildConfiguration;
			buildSettings = {
				ALWAYS_SEARCH_USER_PATHS = NO;
				CLANG_ANALYZER_NONNULL = YES;
				CLANG_ANALYZER_NUMBER_OBJECT_CONVERSION = YES_AGGRESSIVE;
				CLANG_CXX_LANGUAGE_STANDARD = "gnu++20";
				CLANG_ENABLE_MODULES = YES;
				CLANG_ENABLE_OBJC_ARC = YES;
				CLANG_ENABLE_OBJC_WEAK = YES;
				CLANG_WARN_BLOCK_CAPTURE_AUTORELEASING = YES;
				CLANG_WARN_BOOL_CONVERSION = YES;
				CLANG_WARN_COMMA = YES;
				CLANG_WARN_CONSTANT_CONVERSION = YES;
				CLANG_WARN_DEPRECATED_OBJC_IMPLEMENTATIONS = YES;
				CLANG_WARN_DIRECT_OBJC_ISA_USAGE = YES_ERROR;
				CLANG_WARN_DOCUMENTATION_COMMENTS = YES;
				CLANG_WARN_EMPTY_BODY = YES;
				CLANG_WARN_ENUM_CONVERSION = YES;
				CLANG_WARN_INFINITE_RECURSION = YES;
				CLANG_WARN_INT_CONVERSION = YES;
				CLANG_WARN_NON_LITERAL_NULL_CONVERSION = YES;
				CLANG_WARN_OBJC_IMPLICIT_RETAIN_SELF = YES;
				CLANG_WARN_OBJC_LITERAL_CONVERSION = YES;
				CLANG_WARN_OBJC_ROOT_CLASS = YES_ERROR;
				CLANG_WARN_QUOTED_INCLUDE_IN_FRAMEWORK_HEADER = YES;
				CLANG_WARN_RANGE_LOOP_ANALYSIS = YES;
				CLANG_WARN_STRICT_PROTOTYPES = YES;
				CLANG_WARN_SUSPICIOUS_MOVE = YES;
				CLANG_WARN_UNGUARDED_AVAILABILITY = YES_AGGRESSIVE;
				CLANG_WARN_UNREACHABLE_CODE = YES;
				CLANG_WARN__DUPLICATE_METHOD_MATCH = YES;
				COPY_PHASE_STRIP = NO;
				DEBUG_INFORMATION_FORMAT = "dwarf-with-dsym";
				ENABLE_NS_ASSERTIONS = NO;
				ENABLE_STRICT_OBJC_MSGSEND = YES;
				GCC_C_LANGUAGE_STANDARD = gnu11;
				GCC_NO_COMMON_BLOCKS = YES;
				GCC_WARN_64_TO_32_BIT_CONVERSION = YES;
				GCC_WARN_ABOUT_RETURN_TYPE = YES_ERROR;
				GCC_WARN_UNDECLARED_SELECTOR = YES;
				GCC_WARN_UNINITIALIZED_AUTOS = YES_AGGRESSIVE;
				GCC_WARN_UNUSED_FUNCTION = YES;
				GCC_WARN_UNUSED_VARIABLE = YES;
				IPHONEOS_DEPLOYMENT_TARGET = 16.4;
				MTL_ENABLE_DEBUG_INFO = NO;
				MTL_FAST_MATH = YES;
				SDKROOT = iphoneos;
				SWIFT_COMPILATION_MODE = wholemodule;
				SWIFT_OPTIMIZATION_LEVEL = "-O";
				VALIDATE_PRODUCT = YES;
			};
			name = Release;
		};
		9511E6CE2A1E27400064FEF9 /* Debug */ = {
			isa = XCBuildConfiguration;
			buildSettings = {
				ASSETCATALOG_COMPILER_APPICON_NAME = AppIcon;
				ASSETCATALOG_COMPILER_GLOBAL_ACCENT_COLOR_NAME = AccentColor;
				CODE_SIGN_STYLE = Automatic;
				CURRENT_PROJECT_VERSION = 1;
				DEVELOPMENT_ASSET_PATHS = "\"ToDoList/Preview Content\"";
				DEVELOPMENT_TEAM = F27HQ4FLX4;
				ENABLE_PREVIEWS = YES;
				GENERATE_INFOPLIST_FILE = YES;
				INFOPLIST_KEY_CFBundleDisplayName = "To Do List";
				INFOPLIST_KEY_UIApplicationSceneManifest_Generation = YES;
				INFOPLIST_KEY_UIApplicationSupportsIndirectInputEvents = YES;
				INFOPLIST_KEY_UILaunchScreen_Generation = YES;
				INFOPLIST_KEY_UISupportedInterfaceOrientations = UIInterfaceOrientationPortrait;
				LD_RUNPATH_SEARCH_PATHS = (
					"$(inherited)",
					"@executable_path/Frameworks",
				);
				MARKETING_VERSION = 1.0;
				PRODUCT_BUNDLE_IDENTIFIER = com.charlie.ToDoList;
				PRODUCT_NAME = "$(TARGET_NAME)";
				SWIFT_EMIT_LOC_STRINGS = YES;
				SWIFT_VERSION = 5.0;
				TARGETED_DEVICE_FAMILY = "1,2";
			};
			name = Debug;
		};
		9511E6CF2A1E27400064FEF9 /* Release */ = {
			isa = XCBuildConfiguration;
			buildSettings = {
				ASSETCATALOG_COMPILER_APPICON_NAME = AppIcon;
				ASSETCATALOG_COMPILER_GLOBAL_ACCENT_COLOR_NAME = AccentColor;
				CODE_SIGN_STYLE = Automatic;
				CURRENT_PROJECT_VERSION = 1;
				DEVELOPMENT_ASSET_PATHS = "\"ToDoList/Preview Content\"";
				DEVELOPMENT_TEAM = F27HQ4FLX4;
				ENABLE_PREVIEWS = YES;
				GENERATE_INFOPLIST_FILE = YES;
				INFOPLIST_KEY_CFBundleDisplayName = "To Do List";
				INFOPLIST_KEY_UIApplicationSceneManifest_Generation = YES;
				INFOPLIST_KEY_UIApplicationSupportsIndirectInputEvents = YES;
				INFOPLIST_KEY_UILaunchScreen_Generation = YES;
				INFOPLIST_KEY_UISupportedInterfaceOrientations = UIInterfaceOrientationPortrait;
				LD_RUNPATH_SEARCH_PATHS = (
					"$(inherited)",
					"@executable_path/Frameworks",
				);
				MARKETING_VERSION = 1.0;
				PRODUCT_BUNDLE_IDENTIFIER = com.charlie.ToDoList;
				PRODUCT_NAME = "$(TARGET_NAME)";
				SWIFT_EMIT_LOC_STRINGS = YES;
				SWIFT_VERSION = 5.0;
				TARGETED_DEVICE_FAMILY = "1,2";
			};
			name = Release;
		};
/* End XCBuildConfiguration section */

/* Begin XCConfigurationList section */
		9511E6BA2A1E273D0064FEF9 /* Build configuration list for PBXProject "ToDoList" */ = {
			isa = XCConfigurationList;
			buildConfigurations = (
				9511E6CB2A1E27400064FEF9 /* Debug */,
				9511E6CC2A1E27400064FEF9 /* Release */,
			);
			defaultConfigurationIsVisible = 0;
			defaultConfigurationName = Release;
		};
		9511E6CD2A1E27400064FEF9 /* Build configuration list for PBXNativeTarget "ToDoList" */ = {
			isa = XCConfigurationList;
			buildConfigurations = (
				9511E6CE2A1E27400064FEF9 /* Debug */,
				9511E6CF2A1E27400064FEF9 /* Release */,
			);
			defaultConfigurationIsVisible = 0;
			defaultConfigurationName = Release;
		};
/* End XCConfigurationList section */

/* Begin XCRemoteSwiftPackageReference section */
		9511E6D02A1E2A3E0064FEF9 /* XCRemoteSwiftPackageReference "firebase-ios-sdk" */ = {
			isa = XCRemoteSwiftPackageReference;
			repositoryURL = "https://github.com/firebase/firebase-ios-sdk";
			requirement = {
				kind = upToNextMajorVersion;
				minimumVersion = 10.0.0;
			};
		};
/* End XCRemoteSwiftPackageReference section */

/* Begin XCSwiftPackageProductDependency section */
		9511E6D12A1E2A3E0064FEF9 /* FirebaseAuth */ = {
			isa = XCSwiftPackageProductDependency;
			package = 9511E6D02A1E2A3E0064FEF9 /* XCRemoteSwiftPackageReference "firebase-ios-sdk" */;
			productName = FirebaseAuth;
		};
		9511E6D32A1E2A3E0064FEF9 /* FirebaseFirestore */ = {
			isa = XCSwiftPackageProductDependency;
			package = 9511E6D02A1E2A3E0064FEF9 /* XCRemoteSwiftPackageReference "firebase-ios-sdk" */;
			productName = FirebaseFirestore;
		};
		9511E6D52A1E2A3E0064FEF9 /* FirebaseFirestoreSwift */ = {
			isa = XCSwiftPackageProductDependency;
			package = 9511E6D02A1E2A3E0064FEF9 /* XCRemoteSwiftPackageReference "firebase-ios-sdk" */;
			productName = FirebaseFirestoreSwift;
		};
/* End XCSwiftPackageProductDependency section */
	};
	rootObject = 9511E6B72A1E273D0064FEF9 /* Project object */;
}
